
Microsoft Visual Studio Solution File, Format Version 12.00
# Visual Studio Version 16
VisualStudioVersion = 16.0.33529.622
MinimumVisualStudioVersion = 10.0.40219.1
Project("{8BC9CEB8-8B4A-11D0-8D11-00A0C91BC942}") = "Algorithms_hotels", "Algorithms_hotels\Algorithms_hotels.vcxproj", "{738CF072-C55C-4BA4-97A3-C904AC538928}"
EndProject
Global
	GlobalSection(SolutionConfigurationPlatforms) = preSolution
		Debug|x64 = Debug|x64
		Debug|x86 = Debug|x86
		Release|x64 = Release|x64
		Release|x86 = Release|x86
	EndGlobalSection
	GlobalSection(ProjectConfigurationPlatforms) = postSolution
		{738CF072-C55C-4BA4-97A3-C904AC538928}.Debug|x64.ActiveCfg = Debug|x64
		{738CF072-C55C-4BA4-97A3-C904AC538928}.Debug|x64.Build.0 = Debug|x64
		{738CF072-C55C-4BA4-97A3-C904AC538928}.Debug|x86.ActiveCfg = Debug|Win32
		{738CF072-C55C-4BA4-97A3-C904AC538928}.Debug|x86.Build.0 = Debug|Win32
		{738CF072-C55C-4BA4-97A3-C904AC538928}.Release|x64.ActiveCfg = Release|x64
		{738CF072-C55C-4BA4-97A3-C904AC538928}.Release|x64.Build.0 = Release|x64
		{738CF072-C55C-4BA4-97A3-C904AC538928}.Release|x86.ActiveCfg = Release|Win32
		{738CF072-C55C-4BA4-97A3-C904AC538928}.Release|x86.Build.0 = Release|Win32
	EndGlobalSection
	GlobalSection(SolutionProperties) = preSolution
		HideSolutionNode = FALSE
	EndGlobalSection
	GlobalSection(ExtensibilityGlobals) = postSolution
		SolutionGuid = {7F10ADD6-8339-497F-9917-4F7F0BE00882}
	EndGlobalSection
EndGlobal
